# Generated by pub
# See https://dart.dev/tools/pub/glossary#lockfile
packages:
  async:
    dependency: "direct main"
    description:
      name: async
      sha256: "947bfcf187f74dbc5e146c9eb9c0f10c9f8b30743e341481c1e2ed3ecc18c20c"
      url: "https://pub.dev"
    source: hosted
    version: "2.11.0"
  characters:
    dependency: transitive
    description:
      name: characters
      sha256: "04a925763edad70e8443c99234dc3328f442e811f1d8fd1a72f1c8ad0f69a605"
      url: "https://pub.dev"
    source: hosted
    version: "1.3.0"
  clock:
    dependency: transitive
    description:
      name: clock
      sha256: cb6d7f03e1de671e34607e909a7213e31d7752be4fb66a86d29fe1eb14bfb5cf
      url: "https://pub.dev"
    source: hosted
    version: "1.1.1"
  collection:
    dependency: transitive
    description:
      name: collection
      sha256: ee67cb0715911d28db6bf4af1026078bd6f0128b07a5f66fb2ed94ec6783c09a
      url: "https://pub.dev"
    source: hosted
    version: "1.18.0"
  cupertino_icons:
    dependency: "direct main"
    description:
      name: cupertino_icons
      sha256: ba631d1c7f7bef6b729a622b7b752645a2d076dba9976925b8f25725a30e1ee6
      url: "https://pub.dev"
    source: hosted
    version: "1.0.8"
  flutter:
    dependency: "direct main"
    description: flutter
    source: sdk
    version: "0.0.0"
  flutter_lints:
    dependency: "direct dev"
    description:
      name: flutter_lints
      sha256: a25a15ebbdfc33ab1cd26c63a6ee519df92338a9c10f122adda92938253bef04
      url: "https://pub.dev"
    source: hosted
    version: "2.0.3"
  flutter_localizations:
    dependency: "direct main"
    description: flutter
    source: sdk
    version: "0.0.0"
  flutter_redux:
    dependency: "direct main"
    description:
      name: flutter_redux
      sha256: "3b20be9e08d0038e1452fbfa1fdb1ea0a7c3738c997734530b3c6d0bb5fcdbdc"
      url: "https://pub.dev"
    source: hosted
    version: "0.10.0"
  intl:
    dependency: "direct main"
    description:
      name: intl
      sha256: d6f56758b7d3014a48af9701c085700aac781a92a87a62b1333b46d8879661cf
      url: "https://pub.dev"
    source: hosted
    version: "0.19.0"
  lints:
    dependency: transitive
    description:
      name: lints
      sha256: "0a217c6c989d21039f1498c3ed9f3ed71b354e69873f13a8dfc3c9fe76f1b452"
      url: "https://pub.dev"
    source: hosted
    version: "2.1.1"
  logging:
    dependency: "direct main"
    description:
      name: logging
      sha256: "623a88c9594aa774443aa3eb2d41807a48486b5613e67599fb4c41c0ad47c340"
      url: "https://pub.dev"
    source: hosted
    version: "1.2.0"
  material_color_utilities:
    dependency: transitive
    description:
      name: material_color_utilities
      sha256: "0e0a020085b65b6083975e499759762399b4475f766c21668c4ecca34ea74e5a"
      url: "https://pub.dev"
    source: hosted
    version: "0.8.0"
  meta:
    dependency: transitive
    description:
      name: meta
      sha256: "7687075e408b093f36e6bbf6c91878cc0d4cd10f409506f7bc996f68220b9136"
      url: "https://pub.dev"
    source: hosted
    version: "1.12.0"
  path:
    dependency: "direct main"
    description:
      name: path
      sha256: "087ce49c3f0dc39180befefc60fdb4acd8f8620e5682fe2476afd0b3688bb4af"
      url: "https://pub.dev"
    source: hosted
    version: "1.9.0"
  redux:
    dependency: "direct main"
    description:
      name: redux
      sha256: "1e86ed5b1a9a717922d0a0ca41f9bf49c1a587d50050e9426fc65b14e85ec4d7"
      url: "https://pub.dev"
    source: hosted
    version: "5.0.0"
  sky_engine:
    dependency: transitive
    description: flutter
    source: sdk
    version: "0.0.99"
  sqflite:
    dependency: "direct main"
    description:
      name: sqflite
      sha256: a43e5a27235518c03ca238e7b4732cf35eabe863a369ceba6cbefa537a66f16d
      url: "https://pub.dev"
    source: hosted
    version: "2.3.3+1"
  sqflite_common:
    dependency: transitive
    description:
      name: sqflite_common
      sha256: "3da423ce7baf868be70e2c0976c28a1bb2f73644268b7ffa7d2e08eab71f16a4"
      url: "https://pub.dev"
    source: hosted
    version: "2.5.4"
  synchronized:
    dependency: transitive
    description:
      name: synchronized
      sha256: "539ef412b170d65ecdafd780f924e5be3f60032a1128df156adad6c5b373d558"
      url: "https://pub.dev"
    source: hosted
    version: "3.1.0+1"
  vector_math:
    dependency: transitive
    description:
      name: vector_math
      sha256: "80b3257d1492ce4d091729e3a67a60407d227c27241d6927be0130c98e741803"
      url: "https://pub.dev"
    source: hosted
    version: "2.1.4"
sdks:
  dart: ">=3.3.0 <3.5.0"
  flutter: ">=3.7.0"
